
Microsoft Visual Studio Solution File, Format Version 12.00
# Visual Studio Version 17
VisualStudioVersion = 17.11.35327.3
MinimumVisualStudioVersion = 10.0.40219.1
Project("{FAE04EC0-301F-11D3-BF4B-00C04F79EFBC}") = "Question12", "Question12\Question12.csproj", "{AE31600D-6D9B-4DFE-897A-F322B52B1952}"
EndProject
Global
	GlobalSection(SolutionConfigurationPlatforms) = preSolution
		Debug|Any CPU = Debug|Any CPU
		Release|Any CPU = Release|Any CPU
	EndGlobalSection
	GlobalSection(ProjectConfigurationPlatforms) = postSolution
		{AE31600D-6D9B-4DFE-897A-F322B52B1952}.Debug|Any CPU.ActiveCfg = Debug|Any CPU
		{AE31600D-6D9B-4DFE-897A-F322B52B1952}.Debug|Any CPU.Build.0 = Debug|Any CPU
		{AE31600D-6D9B-4DFE-897A-F322B52B1952}.Release|Any CPU.ActiveCfg = Release|Any CPU
		{AE31600D-6D9B-4DFE-897A-F322B52B1952}.Release|Any CPU.Build.0 = Release|Any CPU
	EndGlobalSection
	GlobalSection(SolutionProperties) = preSolution
		HideSolutionNode = FALSE
	EndGlobalSection
	GlobalSection(ExtensibilityGlobals) = postSolution
		SolutionGuid = {F60E0C45-C8CC-41DA-BB59-DE669E80A0A3}
	EndGlobalSection
EndGlobal
