
Microsoft Visual Studio Solution File, Format Version 12.00
# Visual Studio Version 17
VisualStudioVersion = 17.11.35327.3
MinimumVisualStudioVersion = 10.0.40219.1
Project("{FAE04EC0-301F-11D3-BF4B-00C04F79EFBC}") = "Practical5b", "Practical5b\Practical5b.csproj", "{5BC64A17-BFB8-4D48-847F-451A6DE4977C}"
EndProject
Global
	GlobalSection(SolutionConfigurationPlatforms) = preSolution
		Debug|Any CPU = Debug|Any CPU
		Release|Any CPU = Release|Any CPU
	EndGlobalSection
	GlobalSection(ProjectConfigurationPlatforms) = postSolution
		{5BC64A17-BFB8-4D48-847F-451A6DE4977C}.Debug|Any CPU.ActiveCfg = Debug|Any CPU
		{5BC64A17-BFB8-4D48-847F-451A6DE4977C}.Debug|Any CPU.Build.0 = Debug|Any CPU
		{5BC64A17-BFB8-4D48-847F-451A6DE4977C}.Release|Any CPU.ActiveCfg = Release|Any CPU
		{5BC64A17-BFB8-4D48-847F-451A6DE4977C}.Release|Any CPU.Build.0 = Release|Any CPU
	EndGlobalSection
	GlobalSection(SolutionProperties) = preSolution
		HideSolutionNode = FALSE
	EndGlobalSection
	GlobalSection(ExtensibilityGlobals) = postSolution
		SolutionGuid = {4D752BB5-644F-41F4-93ED-957440B5BB34}
	EndGlobalSection
EndGlobal
