
Microsoft Visual Studio Solution File, Format Version 12.00
# Visual Studio Version 17
VisualStudioVersion = 17.11.35327.3
MinimumVisualStudioVersion = 10.0.40219.1
Project("{FAE04EC0-301F-11D3-BF4B-00C04F79EFBC}") = "Practical4c", "Practical4c\Practical4c.csproj", "{7F6AB3D9-EEC2-4F38-9350-663581C52FCD}"
EndProject
Global
	GlobalSection(SolutionConfigurationPlatforms) = preSolution
		Debug|Any CPU = Debug|Any CPU
		Release|Any CPU = Release|Any CPU
	EndGlobalSection
	GlobalSection(ProjectConfigurationPlatforms) = postSolution
		{7F6AB3D9-EEC2-4F38-9350-663581C52FCD}.Debug|Any CPU.ActiveCfg = Debug|Any CPU
		{7F6AB3D9-EEC2-4F38-9350-663581C52FCD}.Debug|Any CPU.Build.0 = Debug|Any CPU
		{7F6AB3D9-EEC2-4F38-9350-663581C52FCD}.Release|Any CPU.ActiveCfg = Release|Any CPU
		{7F6AB3D9-EEC2-4F38-9350-663581C52FCD}.Release|Any CPU.Build.0 = Release|Any CPU
	EndGlobalSection
	GlobalSection(SolutionProperties) = preSolution
		HideSolutionNode = FALSE
	EndGlobalSection
	GlobalSection(ExtensibilityGlobals) = postSolution
		SolutionGuid = {C76EE425-6BD2-44D7-8EAC-7A51F2EDD044}
	EndGlobalSection
EndGlobal
