
Microsoft Visual Studio Solution File, Format Version 12.00
# Visual Studio Version 17
VisualStudioVersion = 17.11.35327.3
MinimumVisualStudioVersion = 10.0.40219.1
Project("{FAE04EC0-301F-11D3-BF4B-00C04F79EFBC}") = "Practical2a", "Practical2a\Practical2a.csproj", "{B13354AF-8E3F-4611-BB01-8FA9AE09F40E}"
EndProject
Global
	GlobalSection(SolutionConfigurationPlatforms) = preSolution
		Debug|Any CPU = Debug|Any CPU
		Release|Any CPU = Release|Any CPU
	EndGlobalSection
	GlobalSection(ProjectConfigurationPlatforms) = postSolution
		{B13354AF-8E3F-4611-BB01-8FA9AE09F40E}.Debug|Any CPU.ActiveCfg = Debug|Any CPU
		{B13354AF-8E3F-4611-BB01-8FA9AE09F40E}.Debug|Any CPU.Build.0 = Debug|Any CPU
		{B13354AF-8E3F-4611-BB01-8FA9AE09F40E}.Release|Any CPU.ActiveCfg = Release|Any CPU
		{B13354AF-8E3F-4611-BB01-8FA9AE09F40E}.Release|Any CPU.Build.0 = Release|Any CPU
	EndGlobalSection
	GlobalSection(SolutionProperties) = preSolution
		HideSolutionNode = FALSE
	EndGlobalSection
	GlobalSection(ExtensibilityGlobals) = postSolution
		SolutionGuid = {5A7D8871-23D8-4280-AFCE-40A76BF8794D}
	EndGlobalSection
EndGlobal
