
Microsoft Visual Studio Solution File, Format Version 12.00
# Visual Studio Version 17
VisualStudioVersion = 17.11.35327.3
MinimumVisualStudioVersion = 10.0.40219.1
Project("{FAE04EC0-301F-11D3-BF4B-00C04F79EFBC}") = "Practical8b", "Practical8b\Practical8b.csproj", "{ADBF42CD-550A-4FE3-A068-2F370671383F}"
EndProject
Global
	GlobalSection(SolutionConfigurationPlatforms) = preSolution
		Debug|Any CPU = Debug|Any CPU
		Release|Any CPU = Release|Any CPU
	EndGlobalSection
	GlobalSection(ProjectConfigurationPlatforms) = postSolution
		{ADBF42CD-550A-4FE3-A068-2F370671383F}.Debug|Any CPU.ActiveCfg = Debug|Any CPU
		{ADBF42CD-550A-4FE3-A068-2F370671383F}.Debug|Any CPU.Build.0 = Debug|Any CPU
		{ADBF42CD-550A-4FE3-A068-2F370671383F}.Release|Any CPU.ActiveCfg = Release|Any CPU
		{ADBF42CD-550A-4FE3-A068-2F370671383F}.Release|Any CPU.Build.0 = Release|Any CPU
	EndGlobalSection
	GlobalSection(SolutionProperties) = preSolution
		HideSolutionNode = FALSE
	EndGlobalSection
	GlobalSection(ExtensibilityGlobals) = postSolution
		SolutionGuid = {73AEC526-35E3-4C2C-A559-263550FE6293}
	EndGlobalSection
EndGlobal
