
Microsoft Visual Studio Solution File, Format Version 12.00
# Visual Studio Version 17
VisualStudioVersion = 17.11.35327.3
MinimumVisualStudioVersion = 10.0.40219.1
Project("{FAE04EC0-301F-11D3-BF4B-00C04F79EFBC}") = "Practical6b", "Practical6b\Practical6b.csproj", "{3D2CB69F-FD77-4BF2-9115-E050801A9FA3}"
EndProject
Global
	GlobalSection(SolutionConfigurationPlatforms) = preSolution
		Debug|Any CPU = Debug|Any CPU
		Release|Any CPU = Release|Any CPU
	EndGlobalSection
	GlobalSection(ProjectConfigurationPlatforms) = postSolution
		{3D2CB69F-FD77-4BF2-9115-E050801A9FA3}.Debug|Any CPU.ActiveCfg = Debug|Any CPU
		{3D2CB69F-FD77-4BF2-9115-E050801A9FA3}.Debug|Any CPU.Build.0 = Debug|Any CPU
		{3D2CB69F-FD77-4BF2-9115-E050801A9FA3}.Release|Any CPU.ActiveCfg = Release|Any CPU
		{3D2CB69F-FD77-4BF2-9115-E050801A9FA3}.Release|Any CPU.Build.0 = Release|Any CPU
	EndGlobalSection
	GlobalSection(SolutionProperties) = preSolution
		HideSolutionNode = FALSE
	EndGlobalSection
	GlobalSection(ExtensibilityGlobals) = postSolution
		SolutionGuid = {26E37DFD-5F83-4C3A-868A-E415DD2437B3}
	EndGlobalSection
EndGlobal
